
Microsoft Visual Studio Solution File, Format Version 12.00
# Visual Studio Version 17
VisualStudioVersion = 17.7.34031.279
MinimumVisualStudioVersion = 10.0.40219.1
Project("{FAE04EC0-301F-11D3-BF4B-00C04F79EFBC}") = "Television", "Television\Television.csproj", "{F79E3BFE-E705-4D5F-9B34-E123F325CBB9}"
EndProject
Project("{FAE04EC0-301F-11D3-BF4B-00C04F79EFBC}") = "IoTDevicesLibrary", "IoTDevicesLibrary\IoTDevicesLibrary.csproj", "{3BF5D902-316B-446F-AF84-36DB743A27A3}"
EndProject
Global
	GlobalSection(SolutionConfigurationPlatforms) = preSolution
		Debug|Any CPU = Debug|Any CPU
		Release|Any CPU = Release|Any CPU
	EndGlobalSection
	GlobalSection(ProjectConfigurationPlatforms) = postSolution
		{F79E3BFE-E705-4D5F-9B34-E123F325CBB9}.Debug|Any CPU.ActiveCfg = Debug|Any CPU
		{F79E3BFE-E705-4D5F-9B34-E123F325CBB9}.Debug|Any CPU.Build.0 = Debug|Any CPU
		{F79E3BFE-E705-4D5F-9B34-E123F325CBB9}.Release|Any CPU.ActiveCfg = Release|Any CPU
		{F79E3BFE-E705-4D5F-9B34-E123F325CBB9}.Release|Any CPU.Build.0 = Release|Any CPU
		{3BF5D902-316B-446F-AF84-36DB743A27A3}.Debug|Any CPU.ActiveCfg = Debug|Any CPU
		{3BF5D902-316B-446F-AF84-36DB743A27A3}.Debug|Any CPU.Build.0 = Debug|Any CPU
		{3BF5D902-316B-446F-AF84-36DB743A27A3}.Release|Any CPU.ActiveCfg = Release|Any CPU
		{3BF5D902-316B-446F-AF84-36DB743A27A3}.Release|Any CPU.Build.0 = Release|Any CPU
	EndGlobalSection
	GlobalSection(SolutionProperties) = preSolution
		HideSolutionNode = FALSE
	EndGlobalSection
	GlobalSection(ExtensibilityGlobals) = postSolution
		SolutionGuid = {898EC455-6792-4ED7-B369-9DCC260C68D9}
	EndGlobalSection
EndGlobal
