
Microsoft Visual Studio Solution File, Format Version 12.00
# Visual Studio Version 17
VisualStudioVersion = 17.7.34031.279
MinimumVisualStudioVersion = 10.0.40219.1
Project("{9A19103F-16F7-4668-BE54-9A1E7A4F7556}") = "Television", "Television\Television.csproj", "{F79E3BFE-E705-4D5F-9B34-E123F325CBB9}"
EndProject
Project("{9A19103F-16F7-4668-BE54-9A1E7A4F7556}") = "IoTDevicesLibrary", "IoTDevicesLibrary\IoTDevicesLibrary.csproj", "{3BF5D902-316B-446F-AF84-36DB743A27A3}"
EndProject
Project("{9A19103F-16F7-4668-BE54-9A1E7A4F7556}") = "WashingMachine", "WashingMachine\WashingMachine.csproj", "{503887EC-E221-4D17-B8E7-968845B1498F}"
EndProject
Project("{9A19103F-16F7-4668-BE54-9A1E7A4F7556}") = "Speakers", "Speakers\Speakers.csproj", "{5AFC6D3D-A007-4391-AF2F-047FEA4D3FE0}"
EndProject
Project("{9A19103F-16F7-4668-BE54-9A1E7A4F7556}") = "IoTDevicesAzureFunctions", "IoTDevicesAzureFunctions\IoTDevicesAzureFunctions.csproj", "{AAD5CC46-30B1-4E7F-92FB-B97E3939B8DC}"
EndProject
Project("{9A19103F-16F7-4668-BE54-9A1E7A4F7556}") = "IoTDevicesDataLibrary", "IoTDevicesDataLibrary\IoTDevicesDataLibrary.csproj", "{0F626CCF-20EB-4997-8136-65DAA5C176A6}"
EndProject
Global
	GlobalSection(SolutionConfigurationPlatforms) = preSolution
		Debug|Any CPU = Debug|Any CPU
		Release|Any CPU = Release|Any CPU
	EndGlobalSection
	GlobalSection(ProjectConfigurationPlatforms) = postSolution
		{F79E3BFE-E705-4D5F-9B34-E123F325CBB9}.Debug|Any CPU.ActiveCfg = Debug|Any CPU
		{F79E3BFE-E705-4D5F-9B34-E123F325CBB9}.Debug|Any CPU.Build.0 = Debug|Any CPU
		{F79E3BFE-E705-4D5F-9B34-E123F325CBB9}.Release|Any CPU.ActiveCfg = Release|Any CPU
		{F79E3BFE-E705-4D5F-9B34-E123F325CBB9}.Release|Any CPU.Build.0 = Release|Any CPU
		{3BF5D902-316B-446F-AF84-36DB743A27A3}.Debug|Any CPU.ActiveCfg = Debug|Any CPU
		{3BF5D902-316B-446F-AF84-36DB743A27A3}.Debug|Any CPU.Build.0 = Debug|Any CPU
		{3BF5D902-316B-446F-AF84-36DB743A27A3}.Release|Any CPU.ActiveCfg = Release|Any CPU
		{3BF5D902-316B-446F-AF84-36DB743A27A3}.Release|Any CPU.Build.0 = Release|Any CPU
		{503887EC-E221-4D17-B8E7-968845B1498F}.Debug|Any CPU.ActiveCfg = Debug|Any CPU
		{503887EC-E221-4D17-B8E7-968845B1498F}.Debug|Any CPU.Build.0 = Debug|Any CPU
		{503887EC-E221-4D17-B8E7-968845B1498F}.Release|Any CPU.ActiveCfg = Release|Any CPU
		{503887EC-E221-4D17-B8E7-968845B1498F}.Release|Any CPU.Build.0 = Release|Any CPU
		{5AFC6D3D-A007-4391-AF2F-047FEA4D3FE0}.Debug|Any CPU.ActiveCfg = Debug|Any CPU
		{5AFC6D3D-A007-4391-AF2F-047FEA4D3FE0}.Debug|Any CPU.Build.0 = Debug|Any CPU
		{5AFC6D3D-A007-4391-AF2F-047FEA4D3FE0}.Release|Any CPU.ActiveCfg = Release|Any CPU
		{5AFC6D3D-A007-4391-AF2F-047FEA4D3FE0}.Release|Any CPU.Build.0 = Release|Any CPU
		{AAD5CC46-30B1-4E7F-92FB-B97E3939B8DC}.Debug|Any CPU.ActiveCfg = Debug|Any CPU
		{AAD5CC46-30B1-4E7F-92FB-B97E3939B8DC}.Debug|Any CPU.Build.0 = Debug|Any CPU
		{AAD5CC46-30B1-4E7F-92FB-B97E3939B8DC}.Release|Any CPU.ActiveCfg = Release|Any CPU
		{AAD5CC46-30B1-4E7F-92FB-B97E3939B8DC}.Release|Any CPU.Build.0 = Release|Any CPU
		{0F626CCF-20EB-4997-8136-65DAA5C176A6}.Debug|Any CPU.ActiveCfg = Debug|Any CPU
		{0F626CCF-20EB-4997-8136-65DAA5C176A6}.Debug|Any CPU.Build.0 = Debug|Any CPU
		{0F626CCF-20EB-4997-8136-65DAA5C176A6}.Release|Any CPU.ActiveCfg = Release|Any CPU
		{0F626CCF-20EB-4997-8136-65DAA5C176A6}.Release|Any CPU.Build.0 = Release|Any CPU
	EndGlobalSection
	GlobalSection(SolutionProperties) = preSolution
		HideSolutionNode = FALSE
	EndGlobalSection
	GlobalSection(ExtensibilityGlobals) = postSolution
		SolutionGuid = {898EC455-6792-4ED7-B369-9DCC260C68D9}
	EndGlobalSection
EndGlobal
